# THIS IS AN AUTOGENERATED FILE. DO NOT EDIT THIS FILE DIRECTLY.
# yarn lockfile v1


javascript-npm-transitive-peer-dependencies-demo--package1@0.1.1:
  version "0.1.1"
  resolved "https://registry.yarnpkg.com/javascript-npm-transitive-peer-dependencies-demo--package1/-/javascript-npm-transitive-peer-dependencies-demo--package1-0.1.1.tgz#e2dbf97d0b90b0d92dc4f814f6fc14defa1168e8"
  integrity sha512-xl/vwIbkZOPFTzwMe75RVQ1Ef0WqLjeOwO0VmLCipzniPTFukqum0vc5bYbXa07sRE+KgPlfrVZBkzZ8pJpbSQ==

javascript-npm-transitive-peer-dependencies-demo--package2@0.1.5:
  version "0.1.5"
  resolved "https://registry.yarnpkg.com/javascript-npm-transitive-peer-dependencies-demo--package2/-/javascript-npm-transitive-peer-dependencies-demo--package2-0.1.5.tgz#35362066f7f8c683bd8e8cbd9b546f5d282e6cbd"
  integrity sha512-z7JxqMFj+epy3egQwvxGQx1XNIpEeVeNCuM1W577QLzcyAIxHehgzCm7h0y2WvKZQKBrijpAXke5CenqMAb4PA==
